
Microsoft Visual Studio Solution File, Format Version 12.00
# Visual Studio Version 17
VisualStudioVersion = 17.11.35327.3
MinimumVisualStudioVersion = 10.0.40219.1
Project("{FAE04EC0-301F-11D3-BF4B-00C04F79EFBC}") = "Diplom", "Diplom\Diplom.csproj", "{1F2A6ABE-850C-48BF-9952-E51410B53787}"
EndProject
Global
	GlobalSection(SolutionConfigurationPlatforms) = preSolution
		Debug|Any CPU = Debug|Any CPU
		Release|Any CPU = Release|Any CPU
	EndGlobalSection
	GlobalSection(ProjectConfigurationPlatforms) = postSolution
		{1F2A6ABE-850C-48BF-9952-E51410B53787}.Debug|Any CPU.ActiveCfg = Debug|Any CPU
		{1F2A6ABE-850C-48BF-9952-E51410B53787}.Debug|Any CPU.Build.0 = Debug|Any CPU
		{1F2A6ABE-850C-48BF-9952-E51410B53787}.Release|Any CPU.ActiveCfg = Release|Any CPU
		{1F2A6ABE-850C-48BF-9952-E51410B53787}.Release|Any CPU.Build.0 = Release|Any CPU
	EndGlobalSection
	GlobalSection(SolutionProperties) = preSolution
		HideSolutionNode = FALSE
	EndGlobalSection
	GlobalSection(ExtensibilityGlobals) = postSolution
		SolutionGuid = {28522581-50AC-465F-AA06-C7D7836DFFDA}
	EndGlobalSection
EndGlobal
